// !$*UTF8*$!
{
	archiveVersion = 1;
	classes = {
	};
	objectVersion = 46;
	objects = {

/* Begin PBXBuildFile section */
		CBB653551D75C68700650B24 /* AppDelegate.swift in Sources */ = {isa = PBXBuildFile; fileRef = CBB653541D75C68700650B24 /* AppDelegate.swift */; };
		CBB653571D75C68700650B24 /* ViewController.swift in Sources */ = {isa = PBXBuildFile; fileRef = CBB653561D75C68700650B24 /* ViewController.swift */; };
		CBB6535C1D75C68700650B24 /* Assets.xcassets in Resources */ = {isa = PBXBuildFile; fileRef = CBB6535B1D75C68700650B24 /* Assets.xcassets */; };
		CBB6536A1D75C68700650B24 /* Wusch_O_MatikTests.swift in Sources */ = {isa = PBXBuildFile; fileRef = CBB653691D75C68700650B24 /* Wusch_O_MatikTests.swift */; };
		CBB653761D75CFCE00650B24 /* Main.storyboard in Resources */ = {isa = PBXBuildFile; fileRef = CBB653741D75CFCE00650B24 /* Main.storyboard */; };
		CBB653791D75CFDF00650B24 /* LaunchScreen.storyboard in Resources */ = {isa = PBXBuildFile; fileRef = CBB653771D75CFDF00650B24 /* LaunchScreen.storyboard */; };
/* End PBXBuildFile section */

/* Begin PBXContainerItemProxy section */
		CBB653661D75C68700650B24 /* PBXContainerItemProxy */ = {
			isa = PBXContainerItemProxy;
			containerPortal = CBB653491D75C68700650B24 /* Project object */;
			proxyType = 1;
			remoteGlobalIDString = CBB653501D75C68700650B24;
			remoteInfo = "Wusch-O-Matik";
		};
/* End PBXContainerItemProxy section */

/* Begin PBXFileReference section */
		CBB653511D75C68700650B24 /* Math-O-Matic.app */ = {isa = PBXFileReference; explicitFileType = wrapper.application; includeInIndex = 0; path = "Math-O-Matic.app"; sourceTree = BUILT_PRODUCTS_DIR; };
		CBB653541D75C68700650B24 /* AppDelegate.swift */ = {isa = PBXFileReference; lastKnownFileType = sourcecode.swift; path = AppDelegate.swift; sourceTree = "<group>"; };
		CBB653561D75C68700650B24 /* ViewController.swift */ = {isa = PBXFileReference; lastKnownFileType = sourcecode.swift; path = ViewController.swift; sourceTree = "<group>"; };
		CBB6535B1D75C68700650B24 /* Assets.xcassets */ = {isa = PBXFileReference; lastKnownFileType = folder.assetcatalog; path = Assets.xcassets; sourceTree = "<group>"; };
		CBB653601D75C68700650B24 /* Info.plist */ = {isa = PBXFileReference; lastKnownFileType = text.plist.xml; path = Info.plist; sourceTree = "<group>"; };
		CBB653651D75C68700650B24 /* Math-O-MaticTests.xctest */ = {isa = PBXFileReference; explicitFileType = wrapper.cfbundle; includeInIndex = 0; path = "Math-O-MaticTests.xctest"; sourceTree = BUILT_PRODUCTS_DIR; };
		CBB653691D75C68700650B24 /* Wusch_O_MatikTests.swift */ = {isa = PBXFileReference; lastKnownFileType = sourcecode.swift; name = Wusch_O_MatikTests.swift; path = "Math-O-MaticTests/Wusch_O_MatikTests.swift"; sourceTree = "<group>"; };
		CBB6536B1D75C68700650B24 /* Info.plist */ = {isa = PBXFileReference; lastKnownFileType = text.plist; name = Info.plist; path = "Math-O-MaticTests/Info.plist"; sourceTree = "<group>"; };
		CBB653751D75CFCE00650B24 /* Base */ = {isa = PBXFileReference; lastKnownFileType = file.storyboard; name = Base; path = Base.lproj/Main.storyboard; sourceTree = "<group>"; };
		CBB653781D75CFDF00650B24 /* Base */ = {isa = PBXFileReference; lastKnownFileType = file.storyboard; name = Base; path = Base.lproj/LaunchScreen.storyboard; sourceTree = "<group>"; };
/* End PBXFileReference section */

/* Begin PBXFrameworksBuildPhase section */
		CBB6534E1D75C68700650B24 /* Frameworks */ = {
			isa = PBXFrameworksBuildPhase;
			buildActionMask = 2147483647;
			files = (
			);
			runOnlyForDeploymentPostprocessing = 0;
		};
		CBB653621D75C68700650B24 /* Frameworks */ = {
			isa = PBXFrameworksBuildPhase;
			buildActionMask = 2147483647;
			files = (
			);
			runOnlyForDeploymentPostprocessing = 0;
		};
/* End PBXFrameworksBuildPhase section */

/* Begin PBXGroup section */
		CBB653481D75C68700650B24 = {
			isa = PBXGroup;
			children = (
				CBB653531D75C68700650B24 /* Math-O-Matic */,
				CBB653681D75C68700650B24 /* Math-O-MaticTests */,
				CBB653521D75C68700650B24 /* Products */,
			);
			sourceTree = "<group>";
		};
		CBB653521D75C68700650B24 /* Products */ = {
			isa = PBXGroup;
			children = (
				CBB653511D75C68700650B24 /* Math-O-Matic.app */,
				CBB653651D75C68700650B24 /* Math-O-MaticTests.xctest */,
			);
			name = Products;
			sourceTree = "<group>";
		};
		CBB653531D75C68700650B24 /* Math-O-Matic */ = {
			isa = PBXGroup;
			children = (
				CBB653541D75C68700650B24 /* AppDelegate.swift */,
				CBB653561D75C68700650B24 /* ViewController.swift */,
				CBB653741D75CFCE00650B24 /* Main.storyboard */,
				CBB6535B1D75C68700650B24 /* Assets.xcassets */,
				CBB653771D75CFDF00650B24 /* LaunchScreen.storyboard */,
				CBB653601D75C68700650B24 /* Info.plist */,
			);
			path = "Math-O-Matic";
			sourceTree = "<group>";
		};
		CBB653681D75C68700650B24 /* Math-O-MaticTests */ = {
			isa = PBXGroup;
			children = (
				CBB653691D75C68700650B24 /* Wusch_O_MatikTests.swift */,
				CBB6536B1D75C68700650B24 /* Info.plist */,
			);
			name = "Math-O-MaticTests";
			path = "Wusch-O-MatikTests";
			sourceTree = "<group>";
		};
/* End PBXGroup section */

/* Begin PBXNativeTarget section */
		CBB653501D75C68700650B24 /* Math-O-Matic */ = {
			isa = PBXNativeTarget;
			buildConfigurationList = CBB6536E1D75C68700650B24 /* Build configuration list for PBXNativeTarget "Math-O-Matic" */;
			buildPhases = (
				CBB6534D1D75C68700650B24 /* Sources */,
				CBB6534E1D75C68700650B24 /* Frameworks */,
				CBB6534F1D75C68700650B24 /* Resources */,
			);
			buildRules = (
			);
			dependencies = (
			);
			name = "Math-O-Matic";
			productName = "Wusch-O-Matik";
			productReference = CBB653511D75C68700650B24 /* Math-O-Matic.app */;
			productType = "com.apple.product-type.application";
		};
		CBB653641D75C68700650B24 /* Math-O-MaticTests */ = {
			isa = PBXNativeTarget;
			buildConfigurationList = CBB653711D75C68700650B24 /* Build configuration list for PBXNativeTarget "Math-O-MaticTests" */;
			buildPhases = (
				CBB653611D75C68700650B24 /* Sources */,
				CBB653621D75C68700650B24 /* Frameworks */,
				CBB653631D75C68700650B24 /* Resources */,
			);
			buildRules = (
			);
			dependencies = (
				CBB653671D75C68700650B24 /* PBXTargetDependency */,
			);
			name = "Math-O-MaticTests";
			productName = "Wusch-O-MatikTests";
			productReference = CBB653651D75C68700650B24 /* Math-O-MaticTests.xctest */;
			productType = "com.apple.product-type.bundle.unit-test";
		};
/* End PBXNativeTarget section */

/* Begin PBXProject section */
		CBB653491D75C68700650B24 /* Project object */ = {
			isa = PBXProject;
			attributes = {
				LastSwiftUpdateCheck = 0800;
				LastUpgradeCheck = 0800;
				ORGANIZATIONNAME = "Alexander von Below";
				TargetAttributes = {
					CBB653501D75C68700650B24 = {
						CreatedOnToolsVersion = 8.0;
						DevelopmentTeam = M3DTZN9V9B;
						ProvisioningStyle = Automatic;
					};
					CBB653641D75C68700650B24 = {
						CreatedOnToolsVersion = 8.0;
						DevelopmentTeam = M3DTZN9V9B;
						ProvisioningStyle = Automatic;
						TestTargetID = CBB653501D75C68700650B24;
					};
				};
			};
			buildConfigurationList = CBB6534C1D75C68700650B24 /* Build configuration list for PBXProject "Math-O-Matic" */;
			compatibilityVersion = "Xcode 3.2";
			developmentRegion = English;
			hasScannedForEncodings = 0;
			knownRegions = (
				en,
				Base,
			);
			mainGroup = CBB653481D75C68700650B24;
			productRefGroup = CBB653521D75C68700650B24 /* Products */;
			projectDirPath = "";
			projectRoot = "";
			targets = (
				CBB653501D75C68700650B24 /* Math-O-Matic */,
				CBB653641D75C68700650B24 /* Math-O-MaticTests */,
			);
		};
/* End PBXProject section */

/* Begin PBXResourcesBuildPhase section */
		CBB6534F1D75C68700650B24 /* Resources */ = {
			isa = PBXResourcesBuildPhase;
			buildActionMask = 2147483647;
			files = (
				CBB653791D75CFDF00650B24 /* LaunchScreen.storyboard in Resources */,
				CBB653761D75CFCE00650B24 /* Main.storyboard in Resources */,
				CBB6535C1D75C68700650B24 /* Assets.xcassets in Resources */,
			);
			runOnlyForDeploymentPostprocessing = 0;
		};
		CBB653631D75C68700650B24 /* Resources */ = {
			isa = PBXResourcesBuildPhase;
			buildActionMask = 2147483647;
			files = (
			);
			runOnlyForDeploymentPostprocessing = 0;
		};
/* End PBXResourcesBuildPhase section */

/* Begin PBXSourcesBuildPhase section */
		CBB6534D1D75C68700650B24 /* Sources */ = {
			isa = PBXSourcesBuildPhase;
			buildActionMask = 2147483647;
			files = (
				CBB653571D75C68700650B24 /* ViewController.swift in Sources */,
				CBB653551D75C68700650B24 /* AppDelegate.swift in Sources */,
			);
			runOnlyForDeploymentPostprocessing = 0;
		};
		CBB653611D75C68700650B24 /* Sources */ = {
			isa = PBXSourcesBuildPhase;
			buildActionMask = 2147483647;
			files = (
				CBB6536A1D75C68700650B24 /* Wusch_O_MatikTests.swift in Sources */,
			);
			runOnlyForDeploymentPostprocessing = 0;
		};
/* End PBXSourcesBuildPhase section */

/* Begin PBXTargetDependency section */
		CBB653671D75C68700650B24 /* PBXTargetDependency */ = {
			isa = PBXTargetDependency;
			target = CBB653501D75C68700650B24 /* Math-O-Matic */;
			targetProxy = CBB653661D75C68700650B24 /* PBXContainerItemProxy */;
		};
/* End PBXTargetDependency section */

/* Begin PBXVariantGroup section */
		CBB653741D75CFCE00650B24 /* Main.storyboard */ = {
			isa = PBXVariantGroup;
			children = (
				CBB653751D75CFCE00650B24 /* Base */,
			);
			name = Main.storyboard;
			sourceTree = "<group>";
		};
		CBB653771D75CFDF00650B24 /* LaunchScreen.storyboard */ = {
			isa = PBXVariantGroup;
			children = (
				CBB653781D75CFDF00650B24 /* Base */,
			);
			name = LaunchScreen.storyboard;
			sourceTree = "<group>";
		};
/* End PBXVariantGroup section */

/* Begin XCBuildConfiguration section */
		CBB6536C1D75C68700650B24 /* Debug */ = {
			isa = XCBuildConfiguration;
			buildSettings = {
				ALWAYS_SEARCH_USER_PATHS = NO;
				CLANG_ANALYZER_NONNULL = YES;
				CLANG_CXX_LANGUAGE_STANDARD = "gnu++0x";
				CLANG_CXX_LIBRARY = "libc++";
				CLANG_ENABLE_MODULES = YES;
				CLANG_ENABLE_OBJC_ARC = YES;
				CLANG_WARN_BOOL_CONVERSION = YES;
				CLANG_WARN_CONSTANT_CONVERSION = YES;
				CLANG_WARN_DIRECT_OBJC_ISA_USAGE = YES_ERROR;
				CLANG_WARN_DOCUMENTATION_COMMENTS = YES;
				CLANG_WARN_EMPTY_BODY = YES;
				CLANG_WARN_ENUM_CONVERSION = YES;
				CLANG_WARN_INFINITE_RECURSION = YES;
				CLANG_WARN_INT_CONVERSION = YES;
				CLANG_WARN_OBJC_ROOT_CLASS = YES_ERROR;
				CLANG_WARN_SUSPICIOUS_MOVES = YES;
				CLANG_WARN_UNREACHABLE_CODE = YES;
				CLANG_WARN__DUPLICATE_METHOD_MATCH = YES;
				"CODE_SIGN_IDENTITY[sdk=iphoneos*]" = "iPhone Developer";
				COPY_PHASE_STRIP = NO;
				DEBUG_INFORMATION_FORMAT = dwarf;
				ENABLE_STRICT_OBJC_MSGSEND = YES;
				ENABLE_TESTABILITY = YES;
				GCC_C_LANGUAGE_STANDARD = gnu99;
				GCC_DYNAMIC_NO_PIC = NO;
				GCC_NO_COMMON_BLOCKS = YES;
				GCC_OPTIMIZATION_LEVEL = 0;
				GCC_PREPROCESSOR_DEFINITIONS = (
					"DEBUG=1",
					"$(inherited)",
				);
				GCC_WARN_64_TO_32_BIT_CONVERSION = YES;
				GCC_WARN_ABOUT_RETURN_TYPE = YES_ERROR;
				GCC_WARN_UNDECLARED_SELECTOR = YES;
				GCC_WARN_UNINITIALIZED_AUTOS = YES_AGGRESSIVE;
				GCC_WARN_UNUSED_FUNCTION = YES;
				GCC_WARN_UNUSED_VARIABLE = YES;
				IPHONEOS_DEPLOYMENT_TARGET = 10.0;
				MTL_ENABLE_DEBUG_INFO = YES;
				ONLY_ACTIVE_ARCH = YES;
				SDKROOT = iphoneos;
				SWIFT_ACTIVE_COMPILATION_CONDITIONS = DEBUG;
				SWIFT_OPTIMIZATION_LEVEL = "-Onone";
				TARGETED_DEVICE_FAMILY = "1,2";
			};
			name = Debug;
		};
		CBB6536D1D75C68700650B24 /* Release */ = {
			isa = XCBuildConfiguration;
			buildSettings = {
				ALWAYS_SEARCH_USER_PATHS = NO;
				CLANG_ANALYZER_NONNULL = YES;
				CLANG_CXX_LANGUAGE_STANDARD = "gnu++0x";
				CLANG_CXX_LIBRARY = "libc++";
				CLANG_ENABLE_MODULES = YES;
				CLANG_ENABLE_OBJC_ARC = YES;
				CLANG_WARN_BOOL_CONVERSION = YES;
				CLANG_WARN_CONSTANT_CONVERSION = YES;
				CLANG_WARN_DIRECT_OBJC_ISA_USAGE = YES_ERROR;
				CLANG_WARN_DOCUMENTATION_COMMENTS = YES;
				CLANG_WARN_EMPTY_BODY = YES;
				CLANG_WARN_ENUM_CONVERSION = YES;
				CLANG_WARN_INFINITE_RECURSION = YES;
				CLANG_WARN_INT_CONVERSION = YES;
				CLANG_WARN_OBJC_ROOT_CLASS = YES_ERROR;
				CLANG_WARN_SUSPICIOUS_MOVES = YES;
				CLANG_WARN_UNREACHABLE_CODE = YES;
				CLANG_WARN__DUPLICATE_METHOD_MATCH = YES;
				"CODE_SIGN_IDENTITY[sdk=iphoneos*]" = "iPhone Developer";
				COPY_PHASE_STRIP = NO;
				DEBUG_INFORMATION_FORMAT = "dwarf-with-dsym";
				ENABLE_NS_ASSERTIONS = NO;
				ENABLE_STRICT_OBJC_MSGSEND = YES;
				GCC_C_LANGUAGE_STANDARD = gnu99;
				GCC_NO_COMMON_BLOCKS = YES;
				GCC_WARN_64_TO_32_BIT_CONVERSION = YES;
				GCC_WARN_ABOUT_RETURN_TYPE = YES_ERROR;
				GCC_WARN_UNDECLARED_SELECTOR = YES;
				GCC_WARN_UNINITIALIZED_AUTOS = YES_AGGRESSIVE;
				GCC_WARN_UNUSED_FUNCTION = YES;
				GCC_WARN_UNUSED_VARIABLE = YES;
				IPHONEOS_DEPLOYMENT_TARGET = 10.0;
				MTL_ENABLE_DEBUG_INFO = NO;
				SDKROOT = iphoneos;
				SWIFT_OPTIMIZATION_LEVEL = "-Owholemodule";
				TARGETED_DEVICE_FAMILY = "1,2";
				VALIDATE_PRODUCT = YES;
			};
			name = Release;
		};
		CBB6536F1D75C68700650B24 /* Debug */ = {
			isa = XCBuildConfiguration;
			buildSettings = {
				ASSETCATALOG_COMPILER_APPICON_NAME = AppIcon;
				DEVELOPMENT_TEAM = M3DTZN9V9B;
				INFOPLIST_FILE = "Math-O-Matic/Info.plist";
				LD_RUNPATH_SEARCH_PATHS = "$(inherited) @executable_path/Frameworks";
				PRODUCT_BUNDLE_IDENTIFIER = "com.vonbelow.Wusch-O-Matik";
				PRODUCT_NAME = "$(TARGET_NAME)";
				SWIFT_VERSION = 3.0;
			};
			name = Debug;
		};
		CBB653701D75C68700650B24 /* Release */ = {
			isa = XCBuildConfiguration;
			buildSettings = {
				ASSETCATALOG_COMPILER_APPICON_NAME = AppIcon;
				DEVELOPMENT_TEAM = M3DTZN9V9B;
				INFOPLIST_FILE = "Math-O-Matic/Info.plist";
				LD_RUNPATH_SEARCH_PATHS = "$(inherited) @executable_path/Frameworks";
				PRODUCT_BUNDLE_IDENTIFIER = "com.vonbelow.Wusch-O-Matik";
				PRODUCT_NAME = "$(TARGET_NAME)";
				SWIFT_VERSION = 3.0;
			};
			name = Release;
		};
		CBB653721D75C68700650B24 /* Debug */ = {
			isa = XCBuildConfiguration;
			buildSettings = {
				ALWAYS_EMBED_SWIFT_STANDARD_LIBRARIES = YES;
				BUNDLE_LOADER = "$(TEST_HOST)";
				DEVELOPMENT_TEAM = M3DTZN9V9B;
				INFOPLIST_FILE = "Wusch-O-MatikTests/Info.plist";
				LD_RUNPATH_SEARCH_PATHS = "$(inherited) @executable_path/Frameworks @loader_path/Frameworks";
				PRODUCT_BUNDLE_IDENTIFIER = "com.vonbelow.Wusch-O-MatikTests";
				PRODUCT_NAME = "$(TARGET_NAME)";
				SWIFT_VERSION = 3.0;
				TEST_HOST = "$(BUILT_PRODUCTS_DIR)/Math-O-Matic.app/Math-O-Matic";
			};
			name = Debug;
		};
		CBB653731D75C68700650B24 /* Release */ = {
			isa = XCBuildConfiguration;
			buildSettings = {
				ALWAYS_EMBED_SWIFT_STANDARD_LIBRARIES = YES;
				BUNDLE_LOADER = "$(TEST_HOST)";
				DEVELOPMENT_TEAM = M3DTZN9V9B;
				INFOPLIST_FILE = "Wusch-O-MatikTests/Info.plist";
				LD_RUNPATH_SEARCH_PATHS = "$(inherited) @executable_path/Frameworks @loader_path/Frameworks";
				PRODUCT_BUNDLE_IDENTIFIER = "com.vonbelow.Wusch-O-MatikTests";
				PRODUCT_NAME = "$(TARGET_NAME)";
				SWIFT_VERSION = 3.0;
				TEST_HOST = "$(BUILT_PRODUCTS_DIR)/Math-O-Matic.app/Math-O-Matic";
			};
			name = Release;
		};
/* End XCBuildConfiguration section */

/* Begin XCConfigurationList section */
		CBB6534C1D75C68700650B24 /* Build configuration list for PBXProject "Math-O-Matic" */ = {
			isa = XCConfigurationList;
			buildConfigurations = (
				CBB6536C1D75C68700650B24 /* Debug */,
				CBB6536D1D75C68700650B24 /* Release */,
			);
			defaultConfigurationIsVisible = 0;
			defaultConfigurationName = Release;
		};
		CBB6536E1D75C68700650B24 /* Build configuration list for PBXNativeTarget "Math-O-Matic" */ = {
			isa = XCConfigurationList;
			buildConfigurations = (
				CBB6536F1D75C68700650B24 /* Debug */,
				CBB653701D75C68700650B24 /* Release */,
			);
			defaultConfigurationIsVisible = 0;
			defaultConfigurationName = Release;
		};
		CBB653711D75C68700650B24 /* Build configuration list for PBXNativeTarget "Math-O-MaticTests" */ = {
			isa = XCConfigurationList;
			buildConfigurations = (
				CBB653721D75C68700650B24 /* Debug */,
				CBB653731D75C68700650B24 /* Release */,
			);
			defaultConfigurationIsVisible = 0;
			defaultConfigurationName = Release;
		};
/* End XCConfigurationList section */
	};
	rootObject = CBB653491D75C68700650B24 /* Project object */;
}
